SITE
  remote: https://supermarket.getchef.com/api/v1
  specs:
    apache2 (3.0.1)
      iptables (>= 0.0.0)
      logrotate (>= 0.0.0)
    apt (2.5.3)
    aws (2.2.0)
    bluepill (2.2.0)
      rsyslog (>= 0.0.0)
    build-essential (2.0.6)
    chef_handler (1.1.6)
    cron (1.2.2)
    database (4.0.5)
      postgresql (>= 1.0.0)
    dmg (2.2.0)
    freeswitch (1.0.0)
      apt (~> 2.2)
      yum (~> 3.1)
    git (4.0.2)
      build-essential (>= 0.0.0)
      dmg (>= 0.0.0)
      runit (>= 1.0.0)
      windows (>= 0.0.0)
      yum (~> 3.0)
      yum-epel (>= 0.0.0)
    iptables (1.0.0)
    libvpx (1.0.1)
      build-essential (>= 0.0.0)
      git (>= 0.0.0)
      yasm (>= 0.0.0)
    logrotate (1.1.0)
    mysql (6.0.21)
      smf (>= 0.0.0)
      yum-mysql-community (>= 0.0.0)
    mysql-chef_gem (0.0.2)
      build-essential (>= 0.0.0)
      mysql (>= 0.0.0)
    nginx (1.4.0)
      apt (>= 0.0.0)
      build-essential (>= 0.0.0)
      ohai (>= 1.1.4)
      yum (>= 0.0.0)
    nginx_simplecgi (0.1.0)
      bluepill (>= 0.0.0)
      nginx (>= 0.0.0)
      perl (>= 0.0.0)
      runit (>= 0.0.0)
    nodejs (1.3.0)
      apt (>= 0.0.0)
      build-essential (>= 0.0.0)
      yum (>= 0.0.0)
    ohai (1.1.8)
    openssl (1.0.2)
    perl (1.1.0)
    php (1.1.8)
      build-essential (>= 0.0.0)
      mysql (>= 0.0.0)
      xml (>= 0.0.0)
    postfix (2.1.4)
    postgresql (3.4.0)
      apt (>= 1.9.0)
      build-essential (>= 0.0.0)
      openssl (>= 0.0.0)
    rbac (1.0.3)
    rsyslog (1.5.0)
    ruby_build (0.8.0)
    runit (1.5.10)
      build-essential (>= 0.0.0)
      yum (~> 3.0)
      yum-epel (>= 0.0.0)
    smf (2.2.6)
      rbac (>= 1.0.1)
    windows (1.34.2)
      chef_handler (>= 0.0.0)
    x264 (0.5.1)
      build-essential (>= 0.0.0)
      git (>= 0.0.0)
      yasm (>= 0.0.0)
    xfs (1.1.0)
    xml (1.1.2)
      build-essential (>= 0.0.0)
    yasm (1.0.0)
      build-essential (>= 0.0.0)
      git (>= 0.0.0)
    yum (3.2.4)
    yum-epel (0.4.0)
      yum (~> 3.0)
    yum-mysql-community (0.1.17)
      yum (>= 3.0)

GIT
  remote: https://github.com/fnichol/chef-rbenv
  ref: v0.7.2
  sha: f2b53292e810dd2b43f6121f9958f5f29979dcb1
  specs:
    rbenv (0.7.2)

GIT
  remote: https://github.com/mconf-cookbooks/bigbluebutton
  ref: master
  sha: 41533f0c5d24d2707c1e9b449e2d5400cfd60482
  specs:
    bigbluebutton (0.1.0)
      apt (>= 0.0.0)
      ffmpeg (>= 0.0.0)
      libvpx (>= 0.0.0)
      logrotate (>= 0.0.0)

GIT
  remote: https://github.com/mconf-cookbooks/chef-client
  ref: mconf
  sha: b853a6b9a133a1e01c215cccfe9f3a26d274c9c7
  specs:
    chef-client (2.2.0)
      cron (>= 0.0.0)

GIT
  remote: https://github.com/mconf-cookbooks/ffmpeg
  ref: mconf
  sha: 8dcaab4cf898e44f8b4c5f9c59a71aec2ca72fe1
  specs:
    ffmpeg (0.4.3)
      build-essential (>= 0.0.0)
      git (>= 0.0.0)
      libvpx (>= 0.0.0)
      x264 (>= 0.0.0)
      yasm (>= 0.0.0)

GIT
  remote: https://github.com/mconf-cookbooks/mconf-lb
  ref: master
  sha: fb37634a9f5c225785043f05884812f3e0b1dfa3
  specs:
    mconf-lb (0.0.1)
      database (>= 0.0.0)
      mysql (>= 0.0.0)
      nginx (>= 0.0.0)
      nodejs (>= 0.0.0)
      ohai (>= 0.0.0)

GIT
  remote: https://github.com/mconf-cookbooks/mconf-live
  ref: master
  sha: 362772f4149d1aa2fa46eed601b6d795c83a0a09
  specs:
    mconf-live (0.0.2)
      bigbluebutton (>= 0.0.0)

GIT
  remote: https://github.com/mconf-cookbooks/mconf-monitor
  ref: master
  sha: 029c4c869592d262ce935bc44c684dff6dc1c724
  specs:
    mconf-monitor (0.0.1)
      bigbluebutton (>= 0.0.0)
      nagios (= 4.0.0)
      nsca (>= 0.0.0)
      psutil (>= 0.0.0)

GIT
  remote: https://github.com/mconf-cookbooks/mconf-sip-proxy
  ref: master
  sha: 33d322c97d271b1eb1ace57efc26fc16ba678d5d
  specs:
    mconf-sip-proxy (0.0.1)
      freeswitch (>= 0.0.0)

GIT
  remote: https://github.com/mconf-cookbooks/mconf-utils
  ref: master
  sha: 4d4a40e29e426dba9cea8a96cfd434f76741c61d
  specs:
    mconf-utils (0.0.1)

GIT
  remote: https://github.com/mconf-cookbooks/mconf-web
  ref: master
  sha: 48d8c76229ba01b1888547603cdd4bfd4b7a0d88
  specs:
    mconf-web (0.0.1)
      apache2 (>= 0.0.0)
      database (>= 0.0.0)
      logrotate (>= 0.0.0)
      mysql (>= 0.0.0)
      rbenv (>= 0.0.0)
      ruby_build (>= 0.0.0)

GIT
  remote: https://github.com/mconf-cookbooks/nagios
  ref: master
  sha: d1337ea7c10376ebd1e937c2810d01a175f6d20e
  specs:
    nagios (4.0.0)
      apache2 (>= 0.0.0)
      build-essential (>= 0.0.0)
      nginx (>= 0.0.0)
      nginx_simplecgi (>= 0.0.0)
      php (>= 0.0.0)
      yum (>= 0.0.0)

GIT
  remote: https://github.com/mconf-cookbooks/nagiosgraph
  ref: master
  sha: f0f96ce0e81663a8558b547d9c821978fc78aba3
  specs:
    nagiosgraph (0.1.0)

GIT
  remote: https://github.com/mconf-cookbooks/nsca
  ref: master
  sha: e4fd2418046e99e9298becde80d71254e2ac0946
  specs:
    nsca (0.1.0)

GIT
  remote: https://github.com/mconf-cookbooks/psutil
  ref: master
  sha: d9ee3cfcbf873de5c05e796118ef9b98d8ea49df
  specs:
    psutil (0.0.1)

GIT
  remote: https://github.com/mconf-cookbooks/reboot-handler
  ref: mconf
  sha: 0c952a3ba3d43e3030ef8ece26b477f591d4314f
  specs:
    reboot-handler (1.0.0)
      chef_handler (>= 0.0.0)

DEPENDENCIES
  apache2 (= 3.0.1)
  apt (= 2.5.3)
  aws (= 2.2.0)
  bigbluebutton (>= 0)
  bluepill (= 2.2.0)
  build-essential (= 2.0.6)
  chef-client (>= 0)
  chef_handler (= 1.1.6)
  cron (= 1.2.2)
  database (~> 4.0.5)
  dmg (= 2.2.0)
  ffmpeg (>= 0)
  freeswitch (= 1.0.0)
  git (= 4.0.2)
  libvpx (= 1.0.1)
  logrotate (= 1.1.0)
  mconf-lb (>= 0)
  mconf-live (>= 0)
  mconf-monitor (>= 0)
  mconf-sip-proxy (>= 0)
  mconf-utils (>= 0)
  mconf-web (>= 0)
  mysql (~> 6.0.21)
  mysql-chef_gem (= 0.0.2)
  nagios (>= 0)
  nagiosgraph (>= 0)
  nginx (= 1.4.0)
  nginx_simplecgi (= 0.1.0)
  nodejs (= 1.3.0)
  nsca (>= 0)
  ohai (= 1.1.8)
  openssl (= 1.0.2)
  perl (= 1.1.0)
  php (= 1.1.8)
  postfix (= 2.1.4)
  postgresql (= 3.4.0)
  psutil (>= 0)
  rbenv (>= 0)
  reboot-handler (>= 0)
  rsyslog (= 1.5.0)
  ruby_build (~> 0.8.0)
  runit (= 1.5.10)
  windows (= 1.34.2)
  x264 (= 0.5.1)
  xfs (= 1.1.0)
  xml (= 1.1.2)
  yasm (= 1.0.0)
  yum (= 3.2.4)
  yum-epel (= 0.4.0)

